
Microsoft Visual Studio Solution File, Format Version 12.00
# Visual Studio Version 16
VisualStudioVersion = 16.0.30907.101
MinimumVisualStudioVersion = 10.0.40219.1
Project("{9A19103F-16F7-4668-BE54-9A1E7A4F7556}") = "ICSproject.BL", "ICSproject.BL\ICSproject.BL.csproj", "{68EA77A1-02DC-49FD-A7CD-53A85EEF99FA}"
EndProject
Project("{9A19103F-16F7-4668-BE54-9A1E7A4F7556}") = "ICSproject.BL.Tests", "ICSproject.BL.Tests\ICSproject.BL.Tests.csproj", "{FE87BE15-440A-4FE1-A026-2185DD5B0736}"
EndProject
Project("{9A19103F-16F7-4668-BE54-9A1E7A4F7556}") = "ICSproject.DAL", "ICSproject.DAL\ICSproject.DAL.csproj", "{18FA0F09-3B49-4934-ABCD-B55EA6980BA1}"
EndProject
Project("{9A19103F-16F7-4668-BE54-9A1E7A4F7556}") = "ICSProject.DAL.Tests", "ICSproject.DAL.Tests\ICSProject.DAL.Tests.csproj", "{012FE1CB-25A8-455D-9C12-24ADDC7A4494}"
EndProject
Project("{FAE04EC0-301F-11D3-BF4B-00C04F79EFBC}") = "UI_of_app", "UI_of_app\UI_of_app.csproj", "{FBDB31A2-C940-4193-A6A7-4613E1FBCCD4}"
EndProject
Global
	GlobalSection(SolutionConfigurationPlatforms) = preSolution
		Debug|Any CPU = Debug|Any CPU
		Release|Any CPU = Release|Any CPU
	EndGlobalSection
	GlobalSection(ProjectConfigurationPlatforms) = postSolution
		{68EA77A1-02DC-49FD-A7CD-53A85EEF99FA}.Debug|Any CPU.ActiveCfg = Debug|Any CPU
		{68EA77A1-02DC-49FD-A7CD-53A85EEF99FA}.Debug|Any CPU.Build.0 = Debug|Any CPU
		{68EA77A1-02DC-49FD-A7CD-53A85EEF99FA}.Release|Any CPU.ActiveCfg = Release|Any CPU
		{68EA77A1-02DC-49FD-A7CD-53A85EEF99FA}.Release|Any CPU.Build.0 = Release|Any CPU
		{FE87BE15-440A-4FE1-A026-2185DD5B0736}.Debug|Any CPU.ActiveCfg = Debug|Any CPU
		{FE87BE15-440A-4FE1-A026-2185DD5B0736}.Debug|Any CPU.Build.0 = Debug|Any CPU
		{FE87BE15-440A-4FE1-A026-2185DD5B0736}.Release|Any CPU.ActiveCfg = Release|Any CPU
		{FE87BE15-440A-4FE1-A026-2185DD5B0736}.Release|Any CPU.Build.0 = Release|Any CPU
		{18FA0F09-3B49-4934-ABCD-B55EA6980BA1}.Debug|Any CPU.ActiveCfg = Debug|Any CPU
		{18FA0F09-3B49-4934-ABCD-B55EA6980BA1}.Debug|Any CPU.Build.0 = Debug|Any CPU
		{18FA0F09-3B49-4934-ABCD-B55EA6980BA1}.Release|Any CPU.ActiveCfg = Release|Any CPU
		{18FA0F09-3B49-4934-ABCD-B55EA6980BA1}.Release|Any CPU.Build.0 = Release|Any CPU
		{012FE1CB-25A8-455D-9C12-24ADDC7A4494}.Debug|Any CPU.ActiveCfg = Debug|Any CPU
		{012FE1CB-25A8-455D-9C12-24ADDC7A4494}.Debug|Any CPU.Build.0 = Debug|Any CPU
		{012FE1CB-25A8-455D-9C12-24ADDC7A4494}.Release|Any CPU.ActiveCfg = Release|Any CPU
		{012FE1CB-25A8-455D-9C12-24ADDC7A4494}.Release|Any CPU.Build.0 = Release|Any CPU
		{FBDB31A2-C940-4193-A6A7-4613E1FBCCD4}.Debug|Any CPU.ActiveCfg = Debug|Any CPU
		{FBDB31A2-C940-4193-A6A7-4613E1FBCCD4}.Debug|Any CPU.Build.0 = Debug|Any CPU
		{FBDB31A2-C940-4193-A6A7-4613E1FBCCD4}.Release|Any CPU.ActiveCfg = Release|Any CPU
		{FBDB31A2-C940-4193-A6A7-4613E1FBCCD4}.Release|Any CPU.Build.0 = Release|Any CPU
	EndGlobalSection
	GlobalSection(SolutionProperties) = preSolution
		HideSolutionNode = FALSE
	EndGlobalSection
	GlobalSection(ExtensibilityGlobals) = postSolution
		SolutionGuid = {6EEC2FFD-E7CC-45AC-B101-6019FF829066}
	EndGlobalSection
EndGlobal
